
Microsoft Visual Studio Solution File, Format Version 12.00
# Visual Studio Version 16
VisualStudioVersion = 16.0.29920.165
MinimumVisualStudioVersion = 10.0.40219.1
Project("{FAE04EC0-301F-11D3-BF4B-00C04F79EFBC}") = "EntityFrameworkCore.L.Extension", "EntityFrameworkCore.L.Extension\EntityFrameworkCore.L.Extension.csproj", "{16B59645-FC68-4D26-835E-985A153E977C}"
EndProject
Global
	GlobalSection(SolutionConfigurationPlatforms) = preSolution
		Debug|Any CPU = Debug|Any CPU
		Release|Any CPU = Release|Any CPU
	EndGlobalSection
	GlobalSection(ProjectConfigurationPlatforms) = postSolution
		{16B59645-FC68-4D26-835E-985A153E977C}.Debug|Any CPU.ActiveCfg = Debug|Any CPU
		{16B59645-FC68-4D26-835E-985A153E977C}.Debug|Any CPU.Build.0 = Debug|Any CPU
		{16B59645-FC68-4D26-835E-985A153E977C}.Release|Any CPU.ActiveCfg = Release|Any CPU
		{16B59645-FC68-4D26-835E-985A153E977C}.Release|Any CPU.Build.0 = Release|Any CPU
	EndGlobalSection
	GlobalSection(SolutionProperties) = preSolution
		HideSolutionNode = FALSE
	EndGlobalSection
	GlobalSection(ExtensibilityGlobals) = postSolution
		SolutionGuid = {BF87E67D-3D6A-480F-B7F6-392C8B54158A}
	EndGlobalSection
EndGlobal
